
Microsoft Visual Studio Solution File, Format Version 12.00
# Visual Studio Version 16
VisualStudioVersion = 16.0.30320.27
MinimumVisualStudioVersion = 10.0.40219.1
Project("{FAE04EC0-301F-11D3-BF4B-00C04F79EFBC}") = "_2020_07_30_HW_01", "_2020_07_30_HW_01.csproj", "{8BF78E98-20E0-47E3-8CAB-45E502F5F277}"
EndProject
Global
	GlobalSection(SolutionConfigurationPlatforms) = preSolution
		Debug|Any CPU = Debug|Any CPU
		Release|Any CPU = Release|Any CPU
	EndGlobalSection
	GlobalSection(ProjectConfigurationPlatforms) = postSolution
		{8BF78E98-20E0-47E3-8CAB-45E502F5F277}.Debug|Any CPU.ActiveCfg = Debug|Any CPU
		{8BF78E98-20E0-47E3-8CAB-45E502F5F277}.Debug|Any CPU.Build.0 = Debug|Any CPU
		{8BF78E98-20E0-47E3-8CAB-45E502F5F277}.Release|Any CPU.ActiveCfg = Release|Any CPU
		{8BF78E98-20E0-47E3-8CAB-45E502F5F277}.Release|Any CPU.Build.0 = Release|Any CPU
	EndGlobalSection
	GlobalSection(SolutionProperties) = preSolution
		HideSolutionNode = FALSE
	EndGlobalSection
	GlobalSection(ExtensibilityGlobals) = postSolution
		SolutionGuid = {C3206CF0-CE15-4A14-94B6-592273E121CA}
	EndGlobalSection
EndGlobal
