
Microsoft Visual Studio Solution File, Format Version 11.00
# Visual Studio 2010
Project("{FAE04EC0-301F-11D3-BF4B-00C04F79EFBC}") = "43_DefaultParameter", "43_DefaultParameter\43_DefaultParameter.csproj", "{4BE6E059-C8C8-4F31-A66F-91A7FCFFF384}"
EndProject
Global
	GlobalSection(SolutionConfigurationPlatforms) = preSolution
		Debug|x86 = Debug|x86
		Release|x86 = Release|x86
	EndGlobalSection
	GlobalSection(ProjectConfigurationPlatforms) = postSolution
		{4BE6E059-C8C8-4F31-A66F-91A7FCFFF384}.Debug|x86.ActiveCfg = Debug|x86
		{4BE6E059-C8C8-4F31-A66F-91A7FCFFF384}.Debug|x86.Build.0 = Debug|x86
		{4BE6E059-C8C8-4F31-A66F-91A7FCFFF384}.Release|x86.ActiveCfg = Release|x86
		{4BE6E059-C8C8-4F31-A66F-91A7FCFFF384}.Release|x86.Build.0 = Release|x86
	EndGlobalSection
	GlobalSection(SolutionProperties) = preSolution
		HideSolutionNode = FALSE
	EndGlobalSection
EndGlobal
