
Microsoft Visual Studio Solution File, Format Version 12.00
# Visual Studio Version 16
VisualStudioVersion = 16.0.30320.27
MinimumVisualStudioVersion = 10.0.40219.1
Project("{FAE04EC0-301F-11D3-BF4B-00C04F79EFBC}") = "_2020_07_27_Basic_02", "_2020_07_27_Basic_02.csproj", "{E34CC571-1997-4CFB-B1B7-DF0A5F57545E}"
EndProject
Project("{FAE04EC0-301F-11D3-BF4B-00C04F79EFBC}") = "_2020_07_27_Basic_03", "..\_2020_07_27_Basic_03\_2020_07_27_Basic_03.csproj", "{7582870A-4E60-4933-BFAD-33E5A4E9F07A}"
EndProject
Project("{FAE04EC0-301F-11D3-BF4B-00C04F79EFBC}") = "_2020_07_27_Basic_01", "..\_2020_07_27_Basic_01\_2020_07_27_Basic_01.csproj", "{92A1E5CC-7750-4F0B-B9BF-12B218497496}"
EndProject
Project("{FAE04EC0-301F-11D3-BF4B-00C04F79EFBC}") = "_2020_07_27_Basic_04", "..\_2020_07_27_Basic_04\_2020_07_27_Basic_04.csproj", "{8ACD80F7-8411-4603-A7BA-AD6FF810A423}"
EndProject
Global
	GlobalSection(SolutionConfigurationPlatforms) = preSolution
		Debug|Any CPU = Debug|Any CPU
		Release|Any CPU = Release|Any CPU
	EndGlobalSection
	GlobalSection(ProjectConfigurationPlatforms) = postSolution
		{E34CC571-1997-4CFB-B1B7-DF0A5F57545E}.Debug|Any CPU.ActiveCfg = Debug|Any CPU
		{E34CC571-1997-4CFB-B1B7-DF0A5F57545E}.Debug|Any CPU.Build.0 = Debug|Any CPU
		{E34CC571-1997-4CFB-B1B7-DF0A5F57545E}.Release|Any CPU.ActiveCfg = Release|Any CPU
		{E34CC571-1997-4CFB-B1B7-DF0A5F57545E}.Release|Any CPU.Build.0 = Release|Any CPU
		{7582870A-4E60-4933-BFAD-33E5A4E9F07A}.Debug|Any CPU.ActiveCfg = Debug|Any CPU
		{7582870A-4E60-4933-BFAD-33E5A4E9F07A}.Debug|Any CPU.Build.0 = Debug|Any CPU
		{7582870A-4E60-4933-BFAD-33E5A4E9F07A}.Release|Any CPU.ActiveCfg = Release|Any CPU
		{7582870A-4E60-4933-BFAD-33E5A4E9F07A}.Release|Any CPU.Build.0 = Release|Any CPU
		{92A1E5CC-7750-4F0B-B9BF-12B218497496}.Debug|Any CPU.ActiveCfg = Debug|Any CPU
		{92A1E5CC-7750-4F0B-B9BF-12B218497496}.Debug|Any CPU.Build.0 = Debug|Any CPU
		{92A1E5CC-7750-4F0B-B9BF-12B218497496}.Release|Any CPU.ActiveCfg = Release|Any CPU
		{92A1E5CC-7750-4F0B-B9BF-12B218497496}.Release|Any CPU.Build.0 = Release|Any CPU
		{8ACD80F7-8411-4603-A7BA-AD6FF810A423}.Debug|Any CPU.ActiveCfg = Debug|Any CPU
		{8ACD80F7-8411-4603-A7BA-AD6FF810A423}.Debug|Any CPU.Build.0 = Debug|Any CPU
		{8ACD80F7-8411-4603-A7BA-AD6FF810A423}.Release|Any CPU.ActiveCfg = Release|Any CPU
		{8ACD80F7-8411-4603-A7BA-AD6FF810A423}.Release|Any CPU.Build.0 = Release|Any CPU
	EndGlobalSection
	GlobalSection(SolutionProperties) = preSolution
		HideSolutionNode = FALSE
	EndGlobalSection
	GlobalSection(ExtensibilityGlobals) = postSolution
		SolutionGuid = {3823B2CB-4F1A-447E-9358-EFF764F71938}
	EndGlobalSection
EndGlobal
