
Microsoft Visual Studio Solution File, Format Version 12.00
# Visual Studio Version 16
VisualStudioVersion = 16.0.30309.148
MinimumVisualStudioVersion = 10.0.40219.1
Project("{FAE04EC0-301F-11D3-BF4B-00C04F79EFBC}") = "_14_DrawImage", "_14_DrawImage\_14_DrawImage.csproj", "{062E5900-0B5D-4321-B2F9-39A86E708C9A}"
EndProject
Global
	GlobalSection(SolutionConfigurationPlatforms) = preSolution
		Debug|Any CPU = Debug|Any CPU
		Release|Any CPU = Release|Any CPU
	EndGlobalSection
	GlobalSection(ProjectConfigurationPlatforms) = postSolution
		{062E5900-0B5D-4321-B2F9-39A86E708C9A}.Debug|Any CPU.ActiveCfg = Debug|Any CPU
		{062E5900-0B5D-4321-B2F9-39A86E708C9A}.Debug|Any CPU.Build.0 = Debug|Any CPU
		{062E5900-0B5D-4321-B2F9-39A86E708C9A}.Release|Any CPU.ActiveCfg = Release|Any CPU
		{062E5900-0B5D-4321-B2F9-39A86E708C9A}.Release|Any CPU.Build.0 = Release|Any CPU
	EndGlobalSection
	GlobalSection(SolutionProperties) = preSolution
		HideSolutionNode = FALSE
	EndGlobalSection
	GlobalSection(ExtensibilityGlobals) = postSolution
		SolutionGuid = {58FB182A-BB1E-4561-8C91-575180BC3F96}
	EndGlobalSection
EndGlobal
