
Microsoft Visual Studio Solution File, Format Version 11.00
# Visual Studio 2010
Project("{FAE04EC0-301F-11D3-BF4B-00C04F79EFBC}") = "35_Stack", "35_Stack\35_Stack.csproj", "{CFBD455E-DE7A-46CD-8D78-17D49C1B9AAD}"
EndProject
Global
	GlobalSection(SolutionConfigurationPlatforms) = preSolution
		Debug|x86 = Debug|x86
		Release|x86 = Release|x86
	EndGlobalSection
	GlobalSection(ProjectConfigurationPlatforms) = postSolution
		{CFBD455E-DE7A-46CD-8D78-17D49C1B9AAD}.Debug|x86.ActiveCfg = Debug|x86
		{CFBD455E-DE7A-46CD-8D78-17D49C1B9AAD}.Debug|x86.Build.0 = Debug|x86
		{CFBD455E-DE7A-46CD-8D78-17D49C1B9AAD}.Release|x86.ActiveCfg = Release|x86
		{CFBD455E-DE7A-46CD-8D78-17D49C1B9AAD}.Release|x86.Build.0 = Release|x86
	EndGlobalSection
	GlobalSection(SolutionProperties) = preSolution
		HideSolutionNode = FALSE
	EndGlobalSection
EndGlobal
