
Microsoft Visual Studio Solution File, Format Version 11.00
# Visual Studio 2010
Project("{FAE04EC0-301F-11D3-BF4B-00C04F79EFBC}") = "13_GenericMethod", "13_GenericMethod\13_GenericMethod.csproj", "{F1AB2DD6-E7AF-4146-A73F-B924CC567F0B}"
EndProject
Global
	GlobalSection(SolutionConfigurationPlatforms) = preSolution
		Debug|x86 = Debug|x86
		Release|x86 = Release|x86
	EndGlobalSection
	GlobalSection(ProjectConfigurationPlatforms) = postSolution
		{F1AB2DD6-E7AF-4146-A73F-B924CC567F0B}.Debug|x86.ActiveCfg = Debug|x86
		{F1AB2DD6-E7AF-4146-A73F-B924CC567F0B}.Debug|x86.Build.0 = Debug|x86
		{F1AB2DD6-E7AF-4146-A73F-B924CC567F0B}.Release|x86.ActiveCfg = Release|x86
		{F1AB2DD6-E7AF-4146-A73F-B924CC567F0B}.Release|x86.Build.0 = Release|x86
	EndGlobalSection
	GlobalSection(SolutionProperties) = preSolution
		HideSolutionNode = FALSE
	EndGlobalSection
EndGlobal
