
Microsoft Visual Studio Solution File, Format Version 12.00
# Visual Studio Version 16
VisualStudioVersion = 16.0.30309.148
MinimumVisualStudioVersion = 10.0.40219.1
Project("{FAE04EC0-301F-11D3-BF4B-00C04F79EFBC}") = "_2020_07_21_HW_01", "_2020_07_21_HW_01\_2020_07_21_HW_01.csproj", "{7D9A33B5-70A5-4B08-AD56-8BBB174F21A7}"
EndProject
Project("{FAE04EC0-301F-11D3-BF4B-00C04F79EFBC}") = "_2020_07_21_HW_05", "_2020_07_21_HW_05\_2020_07_21_HW_05.csproj", "{D02F3AF5-F08F-4297-B5FE-4ADC2572386E}"
EndProject
Project("{FAE04EC0-301F-11D3-BF4B-00C04F79EFBC}") = "_2020_07_21_HW_04", "_2020_07_21_HW_04\_2020_07_21_HW_04.csproj", "{D9A02705-948F-4940-8EBB-D40E8642D006}"
EndProject
Global
	GlobalSection(SolutionConfigurationPlatforms) = preSolution
		Debug|Any CPU = Debug|Any CPU
		Release|Any CPU = Release|Any CPU
	EndGlobalSection
	GlobalSection(ProjectConfigurationPlatforms) = postSolution
		{7D9A33B5-70A5-4B08-AD56-8BBB174F21A7}.Debug|Any CPU.ActiveCfg = Debug|Any CPU
		{7D9A33B5-70A5-4B08-AD56-8BBB174F21A7}.Debug|Any CPU.Build.0 = Debug|Any CPU
		{7D9A33B5-70A5-4B08-AD56-8BBB174F21A7}.Release|Any CPU.ActiveCfg = Release|Any CPU
		{7D9A33B5-70A5-4B08-AD56-8BBB174F21A7}.Release|Any CPU.Build.0 = Release|Any CPU
		{D02F3AF5-F08F-4297-B5FE-4ADC2572386E}.Debug|Any CPU.ActiveCfg = Debug|Any CPU
		{D02F3AF5-F08F-4297-B5FE-4ADC2572386E}.Debug|Any CPU.Build.0 = Debug|Any CPU
		{D02F3AF5-F08F-4297-B5FE-4ADC2572386E}.Release|Any CPU.ActiveCfg = Release|Any CPU
		{D02F3AF5-F08F-4297-B5FE-4ADC2572386E}.Release|Any CPU.Build.0 = Release|Any CPU
		{D9A02705-948F-4940-8EBB-D40E8642D006}.Debug|Any CPU.ActiveCfg = Debug|Any CPU
		{D9A02705-948F-4940-8EBB-D40E8642D006}.Debug|Any CPU.Build.0 = Debug|Any CPU
		{D9A02705-948F-4940-8EBB-D40E8642D006}.Release|Any CPU.ActiveCfg = Release|Any CPU
		{D9A02705-948F-4940-8EBB-D40E8642D006}.Release|Any CPU.Build.0 = Release|Any CPU
	EndGlobalSection
	GlobalSection(SolutionProperties) = preSolution
		HideSolutionNode = FALSE
	EndGlobalSection
	GlobalSection(ExtensibilityGlobals) = postSolution
		SolutionGuid = {6F2EACC0-6E60-4C2F-8508-C1803A398B93}
	EndGlobalSection
EndGlobal
