
Microsoft Visual Studio Solution File, Format Version 11.00
# Visual Studio 2010
Project("{FAE04EC0-301F-11D3-BF4B-00C04F79EFBC}") = "44_GetSet", "44_GetSet\44_GetSet.csproj", "{89997E7A-8089-47D8-A94B-4C1F325F8941}"
EndProject
Global
	GlobalSection(SolutionConfigurationPlatforms) = preSolution
		Debug|x86 = Debug|x86
		Release|x86 = Release|x86
	EndGlobalSection
	GlobalSection(ProjectConfigurationPlatforms) = postSolution
		{89997E7A-8089-47D8-A94B-4C1F325F8941}.Debug|x86.ActiveCfg = Debug|x86
		{89997E7A-8089-47D8-A94B-4C1F325F8941}.Debug|x86.Build.0 = Debug|x86
		{89997E7A-8089-47D8-A94B-4C1F325F8941}.Release|x86.ActiveCfg = Release|x86
		{89997E7A-8089-47D8-A94B-4C1F325F8941}.Release|x86.Build.0 = Release|x86
	EndGlobalSection
	GlobalSection(SolutionProperties) = preSolution
		HideSolutionNode = FALSE
	EndGlobalSection
EndGlobal
