
Microsoft Visual Studio Solution File, Format Version 12.00
# Visual Studio Version 16
VisualStudioVersion = 16.0.30320.27
MinimumVisualStudioVersion = 10.0.40219.1
Project("{FAE04EC0-301F-11D3-BF4B-00C04F79EFBC}") = "_2020_07_27_Basic_01", "_2020_07_27_Basic_01.csproj", "{92A1E5CC-7750-4F0B-B9BF-12B218497496}"
EndProject
Global
	GlobalSection(SolutionConfigurationPlatforms) = preSolution
		Debug|Any CPU = Debug|Any CPU
		Release|Any CPU = Release|Any CPU
	EndGlobalSection
	GlobalSection(ProjectConfigurationPlatforms) = postSolution
		{92A1E5CC-7750-4F0B-B9BF-12B218497496}.Debug|Any CPU.ActiveCfg = Debug|Any CPU
		{92A1E5CC-7750-4F0B-B9BF-12B218497496}.Debug|Any CPU.Build.0 = Debug|Any CPU
		{92A1E5CC-7750-4F0B-B9BF-12B218497496}.Release|Any CPU.ActiveCfg = Release|Any CPU
		{92A1E5CC-7750-4F0B-B9BF-12B218497496}.Release|Any CPU.Build.0 = Release|Any CPU
	EndGlobalSection
	GlobalSection(SolutionProperties) = preSolution
		HideSolutionNode = FALSE
	EndGlobalSection
	GlobalSection(ExtensibilityGlobals) = postSolution
		SolutionGuid = {E74B9248-5E08-47C6-B1A6-D03B6028B5D0}
	EndGlobalSection
EndGlobal
