
Microsoft Visual Studio Solution File, Format Version 11.00
# Visual Studio 2010
Project("{FAE04EC0-301F-11D3-BF4B-00C04F79EFBC}") = "2_Delegate", "2_Delegate\2_Delegate.csproj", "{6CA1A4E5-5C21-4BDD-8F03-76EF6C17AE63}"
EndProject
Global
	GlobalSection(SolutionConfigurationPlatforms) = preSolution
		Debug|x86 = Debug|x86
		Release|x86 = Release|x86
	EndGlobalSection
	GlobalSection(ProjectConfigurationPlatforms) = postSolution
		{6CA1A4E5-5C21-4BDD-8F03-76EF6C17AE63}.Debug|x86.ActiveCfg = Debug|x86
		{6CA1A4E5-5C21-4BDD-8F03-76EF6C17AE63}.Debug|x86.Build.0 = Debug|x86
		{6CA1A4E5-5C21-4BDD-8F03-76EF6C17AE63}.Release|x86.ActiveCfg = Release|x86
		{6CA1A4E5-5C21-4BDD-8F03-76EF6C17AE63}.Release|x86.Build.0 = Release|x86
	EndGlobalSection
	GlobalSection(SolutionProperties) = preSolution
		HideSolutionNode = FALSE
	EndGlobalSection
EndGlobal
