
Microsoft Visual Studio Solution File, Format Version 11.00
# Visual Studio 2010
Project("{FAE04EC0-301F-11D3-BF4B-00C04F79EFBC}") = "36_Queue", "36_Queue\36_Queue.csproj", "{2D4DC95E-D23D-4334-907A-DA0EF85636AD}"
EndProject
Global
	GlobalSection(SolutionConfigurationPlatforms) = preSolution
		Debug|x86 = Debug|x86
		Release|x86 = Release|x86
	EndGlobalSection
	GlobalSection(ProjectConfigurationPlatforms) = postSolution
		{2D4DC95E-D23D-4334-907A-DA0EF85636AD}.Debug|x86.ActiveCfg = Debug|x86
		{2D4DC95E-D23D-4334-907A-DA0EF85636AD}.Debug|x86.Build.0 = Debug|x86
		{2D4DC95E-D23D-4334-907A-DA0EF85636AD}.Release|x86.ActiveCfg = Release|x86
		{2D4DC95E-D23D-4334-907A-DA0EF85636AD}.Release|x86.Build.0 = Release|x86
	EndGlobalSection
	GlobalSection(SolutionProperties) = preSolution
		HideSolutionNode = FALSE
	EndGlobalSection
EndGlobal
