
Microsoft Visual Studio Solution File, Format Version 11.00
# Visual Studio 2010
Project("{FAE04EC0-301F-11D3-BF4B-00C04F79EFBC}") = "34_HashTable", "34_HashTable\34_HashTable.csproj", "{5D052A3F-38C5-45A0-BADF-DC3A5B56045E}"
EndProject
Global
	GlobalSection(SolutionConfigurationPlatforms) = preSolution
		Debug|x86 = Debug|x86
		Release|x86 = Release|x86
	EndGlobalSection
	GlobalSection(ProjectConfigurationPlatforms) = postSolution
		{5D052A3F-38C5-45A0-BADF-DC3A5B56045E}.Debug|x86.ActiveCfg = Debug|x86
		{5D052A3F-38C5-45A0-BADF-DC3A5B56045E}.Debug|x86.Build.0 = Debug|x86
		{5D052A3F-38C5-45A0-BADF-DC3A5B56045E}.Release|x86.ActiveCfg = Release|x86
		{5D052A3F-38C5-45A0-BADF-DC3A5B56045E}.Release|x86.Build.0 = Release|x86
	EndGlobalSection
	GlobalSection(SolutionProperties) = preSolution
		HideSolutionNode = FALSE
	EndGlobalSection
EndGlobal
