
Microsoft Visual Studio Solution File, Format Version 12.00
# Visual Studio Version 16
VisualStudioVersion = 16.0.30330.147
MinimumVisualStudioVersion = 10.0.40219.1
Project("{FAE04EC0-301F-11D3-BF4B-00C04F79EFBC}") = "9_AnonymousMethod", "9_AnonymousMethod\9_AnonymousMethod\9_AnonymousMethod.csproj", "{DECDBB9D-DD14-4F24-9176-9BBC39DDF8B3}"
EndProject
Project("{FAE04EC0-301F-11D3-BF4B-00C04F79EFBC}") = "10_ClassGeneric", "10_ClassGeneric\10_ClassGeneric\10_ClassGeneric.csproj", "{4725B3DE-122A-453C-BC68-B98AA96DE370}"
EndProject
Project("{FAE04EC0-301F-11D3-BF4B-00C04F79EFBC}") = "11_Generic", "11_Generic\11_Generic\11_Generic.csproj", "{7765E09F-5A85-416B-ACDC-ED3A18C6B419}"
EndProject
Project("{FAE04EC0-301F-11D3-BF4B-00C04F79EFBC}") = "12_MethodGeneric", "12_MethodGeneric\12_MethodGeneric\12_MethodGeneric.csproj", "{B49B48C7-E45B-4846-8092-6FE2ECDB0353}"
EndProject
Project("{FAE04EC0-301F-11D3-BF4B-00C04F79EFBC}") = "13_GenericMethod", "13_GenericMethod\13_GenericMethod\13_GenericMethod.csproj", "{F1AB2DD6-E7AF-4146-A73F-B924CC567F0B}"
EndProject
Project("{FAE04EC0-301F-11D3-BF4B-00C04F79EFBC}") = "14_GenericWhere", "14_GenericWhere\14_GenericWhere\14_GenericWhere.csproj", "{7AB85BD1-049F-417A-9C04-EC2D49EFB2F8}"
EndProject
Project("{FAE04EC0-301F-11D3-BF4B-00C04F79EFBC}") = "15_GenericList", "15_GenericList\15_GenericList\15_GenericList.csproj", "{24D4FA4C-6FD5-4C59-9C18-758C304C8EB7}"
EndProject
Project("{FAE04EC0-301F-11D3-BF4B-00C04F79EFBC}") = "16_GenericQueue", "16_GenericQueue\16_GenericQueue\16_GenericQueue.csproj", "{296CC270-7600-4BB1-9917-3813F7694B63}"
EndProject
Project("{FAE04EC0-301F-11D3-BF4B-00C04F79EFBC}") = "17_GenericStack", "17_GenericStack\17_GenericStack\17_GenericStack.csproj", "{8DFAED13-661F-4875-AD92-7E4E934EEE21}"
EndProject
Project("{FAE04EC0-301F-11D3-BF4B-00C04F79EFBC}") = "18_GenericDictionary", "18_GenericDictionary\18_GenericDictionary\18_GenericDictionary.csproj", "{7CFFA625-2552-4DA0-851E-82F4F321F131}"
EndProject
Project("{FAE04EC0-301F-11D3-BF4B-00C04F79EFBC}") = "19_Pointer", "19_Pointer\19_Pointer\19_Pointer.csproj", "{FA9D002F-68AA-428E-8279-432C1625A98E}"
EndProject
Project("{FAE04EC0-301F-11D3-BF4B-00C04F79EFBC}") = "20_ClassPointer", "20_ClassPointer\20_ClassPointer\20_ClassPointer.csproj", "{C1DA0B54-D24D-47B5-A3E5-F02E638FE777}"
EndProject
Project("{FAE04EC0-301F-11D3-BF4B-00C04F79EFBC}") = "21_Nullrable", "21_Nullrable\21_Nullrable\21_Nullrable.csproj", "{D1B74CEA-0288-4994-858D-6AA73777147C}"
EndProject
Project("{FAE04EC0-301F-11D3-BF4B-00C04F79EFBC}") = "22_DllImport", "22_DllImport\22_DllImport\22_DllImport.csproj", "{2BC2D0C5-C028-4466-B3DC-37E0AD37A5D3}"
EndProject
Project("{FAE04EC0-301F-11D3-BF4B-00C04F79EFBC}") = "23_varType", "23_varType\23_varType\23_varType.csproj", "{53E246FE-9B5C-436D-B7E0-8F2D6484EBB7}"
EndProject
Project("{FAE04EC0-301F-11D3-BF4B-00C04F79EFBC}") = "24_varType", "24_varType\24_varType\24_varType.csproj", "{337AD480-036A-418D-8AC6-3CDFE9ABAEF0}"
EndProject
Project("{FAE04EC0-301F-11D3-BF4B-00C04F79EFBC}") = "25_Chogija", "25_Chogija\25_Chogija\25_Chogija.csproj", "{E905218A-AE9C-4D56-889D-00C4560D9954}"
EndProject
Project("{FAE04EC0-301F-11D3-BF4B-00C04F79EFBC}") = "26_Chogija", "26_Chogija\26_Chogija\26_Chogija.csproj", "{62377228-CEEA-48A0-A9C8-86EF8DD3F67F}"
EndProject
Project("{FAE04EC0-301F-11D3-BF4B-00C04F79EFBC}") = "27_AnonymousType", "27_AnonymousType\27_AnonymousType\27_AnonymousType.csproj", "{537821E5-CBB1-408D-8202-9331B2F86D57}"
EndProject
Project("{FAE04EC0-301F-11D3-BF4B-00C04F79EFBC}") = "28_AnonymouseType", "28_AnonymouseType\28_AnonymouseType\28_AnonymouseType.csproj", "{30051A4A-DC71-4946-9B76-2C20227787F5}"
EndProject
Project("{FAE04EC0-301F-11D3-BF4B-00C04F79EFBC}") = "29_ExtendedMethod", "29_ExtendedMethod\29_ExtendedMethod\29_ExtendedMethod.csproj", "{5E3DEC82-3747-45BB-87B7-32CA791F6193}"
EndProject
Project("{FAE04EC0-301F-11D3-BF4B-00C04F79EFBC}") = "30_ExtendedMethod", "30_ExtendedMethod\30_ExtendedMethod\30_ExtendedMethod.csproj", "{FC3F7E05-073E-4996-98EB-CB8B20C59A57}"
EndProject
Project("{FAE04EC0-301F-11D3-BF4B-00C04F79EFBC}") = "31_lambda", "31_lambda\31_lambda\31_lambda.csproj", "{E1D6E2E4-2A6E-44A0-8559-F1DEBCD807EC}"
EndProject
Project("{FAE04EC0-301F-11D3-BF4B-00C04F79EFBC}") = "32_lambda", "32_lambda\32_lambda\32_lambda.csproj", "{87153B72-ADA8-41F3-8B38-E675A7000E4E}"
EndProject
Project("{FAE04EC0-301F-11D3-BF4B-00C04F79EFBC}") = "33_lambda", "33_lambda\33_lambda\33_lambda.csproj", "{E29A1AF8-2434-4A1D-9952-D9393083D5F1}"
EndProject
Project("{FAE04EC0-301F-11D3-BF4B-00C04F79EFBC}") = "34_Linq", "34_Linq\34_Linq\34_Linq.csproj", "{041BF25C-8114-4702-94BA-EEE5876998CF}"
EndProject
Project("{FAE04EC0-301F-11D3-BF4B-00C04F79EFBC}") = "35_Linq", "35_Linq\35_Linq\35_Linq.csproj", "{25C14238-3FEB-413A-A7F8-48EC85FAA103}"
EndProject
Project("{FAE04EC0-301F-11D3-BF4B-00C04F79EFBC}") = "36_Process", "36_Process\36_Process\36_Process.csproj", "{18AA5CEC-F96D-4FAC-AC61-FFC2C05CFD5D}"
EndProject
Project("{FAE04EC0-301F-11D3-BF4B-00C04F79EFBC}") = "37_EnumProcess", "37_EnumProcess\37_EnumProcess\37_EnumProcess.csproj", "{2C830593-3E0A-41CA-8D0E-22DB579988F6}"
EndProject
Project("{FAE04EC0-301F-11D3-BF4B-00C04F79EFBC}") = "38_ThreadList", "38_ThreadList\38_ThreadList\38_ThreadList.csproj", "{DBD9AE29-8DB7-43A7-8A29-134B524ECE25}"
EndProject
Project("{FAE04EC0-301F-11D3-BF4B-00C04F79EFBC}") = "39_Modules_Modules", "39_Modules\39_Modules\39_Modules_Modules.csproj", "{273763FB-0406-4F42-BAF0-FEE5A08EB3B5}"
EndProject
Project("{9A19103F-16F7-4668-BE54-9A1E7A4F7556}") = "CalcLib", "CalcLib\CalcLib.csproj", "{CEED7CF6-6D08-4B0A-94A7-F0D1564A9453}"
EndProject
Project("{9A19103F-16F7-4668-BE54-9A1E7A4F7556}") = "CalcExe", "CalcExe\CalcExe.csproj", "{0E3A874F-306C-4010-9B8E-FEFF43A43802}"
EndProject
Project("{FAE04EC0-301F-11D3-BF4B-00C04F79EFBC}") = "ImageForm", "ImageForm\ImageForm.csproj", "{EBDC0759-B1C0-4AE0-BC2C-CC6F30D63091}"
EndProject
Global
	GlobalSection(SolutionConfigurationPlatforms) = preSolution
		Debug|Any CPU = Debug|Any CPU
		Debug|x86 = Debug|x86
		Release|Any CPU = Release|Any CPU
		Release|x86 = Release|x86
	EndGlobalSection
	GlobalSection(ProjectConfigurationPlatforms) = postSolution
		{DECDBB9D-DD14-4F24-9176-9BBC39DDF8B3}.Debug|Any CPU.ActiveCfg = Debug|x86
		{DECDBB9D-DD14-4F24-9176-9BBC39DDF8B3}.Debug|x86.ActiveCfg = Debug|x86
		{DECDBB9D-DD14-4F24-9176-9BBC39DDF8B3}.Debug|x86.Build.0 = Debug|x86
		{DECDBB9D-DD14-4F24-9176-9BBC39DDF8B3}.Release|Any CPU.ActiveCfg = Release|x86
		{DECDBB9D-DD14-4F24-9176-9BBC39DDF8B3}.Release|x86.ActiveCfg = Release|x86
		{DECDBB9D-DD14-4F24-9176-9BBC39DDF8B3}.Release|x86.Build.0 = Release|x86
		{4725B3DE-122A-453C-BC68-B98AA96DE370}.Debug|Any CPU.ActiveCfg = Debug|x86
		{4725B3DE-122A-453C-BC68-B98AA96DE370}.Debug|x86.ActiveCfg = Debug|x86
		{4725B3DE-122A-453C-BC68-B98AA96DE370}.Debug|x86.Build.0 = Debug|x86
		{4725B3DE-122A-453C-BC68-B98AA96DE370}.Release|Any CPU.ActiveCfg = Release|x86
		{4725B3DE-122A-453C-BC68-B98AA96DE370}.Release|x86.ActiveCfg = Release|x86
		{4725B3DE-122A-453C-BC68-B98AA96DE370}.Release|x86.Build.0 = Release|x86
		{7765E09F-5A85-416B-ACDC-ED3A18C6B419}.Debug|Any CPU.ActiveCfg = Debug|x86
		{7765E09F-5A85-416B-ACDC-ED3A18C6B419}.Debug|x86.ActiveCfg = Debug|x86
		{7765E09F-5A85-416B-ACDC-ED3A18C6B419}.Debug|x86.Build.0 = Debug|x86
		{7765E09F-5A85-416B-ACDC-ED3A18C6B419}.Release|Any CPU.ActiveCfg = Release|x86
		{7765E09F-5A85-416B-ACDC-ED3A18C6B419}.Release|x86.ActiveCfg = Release|x86
		{7765E09F-5A85-416B-ACDC-ED3A18C6B419}.Release|x86.Build.0 = Release|x86
		{B49B48C7-E45B-4846-8092-6FE2ECDB0353}.Debug|Any CPU.ActiveCfg = Debug|x86
		{B49B48C7-E45B-4846-8092-6FE2ECDB0353}.Debug|x86.ActiveCfg = Debug|x86
		{B49B48C7-E45B-4846-8092-6FE2ECDB0353}.Debug|x86.Build.0 = Debug|x86
		{B49B48C7-E45B-4846-8092-6FE2ECDB0353}.Release|Any CPU.ActiveCfg = Release|x86
		{B49B48C7-E45B-4846-8092-6FE2ECDB0353}.Release|x86.ActiveCfg = Release|x86
		{B49B48C7-E45B-4846-8092-6FE2ECDB0353}.Release|x86.Build.0 = Release|x86
		{F1AB2DD6-E7AF-4146-A73F-B924CC567F0B}.Debug|Any CPU.ActiveCfg = Debug|x86
		{F1AB2DD6-E7AF-4146-A73F-B924CC567F0B}.Debug|x86.ActiveCfg = Debug|x86
		{F1AB2DD6-E7AF-4146-A73F-B924CC567F0B}.Debug|x86.Build.0 = Debug|x86
		{F1AB2DD6-E7AF-4146-A73F-B924CC567F0B}.Release|Any CPU.ActiveCfg = Release|x86
		{F1AB2DD6-E7AF-4146-A73F-B924CC567F0B}.Release|x86.ActiveCfg = Release|x86
		{F1AB2DD6-E7AF-4146-A73F-B924CC567F0B}.Release|x86.Build.0 = Release|x86
		{7AB85BD1-049F-417A-9C04-EC2D49EFB2F8}.Debug|Any CPU.ActiveCfg = Debug|x86
		{7AB85BD1-049F-417A-9C04-EC2D49EFB2F8}.Debug|x86.ActiveCfg = Debug|x86
		{7AB85BD1-049F-417A-9C04-EC2D49EFB2F8}.Debug|x86.Build.0 = Debug|x86
		{7AB85BD1-049F-417A-9C04-EC2D49EFB2F8}.Release|Any CPU.ActiveCfg = Release|x86
		{7AB85BD1-049F-417A-9C04-EC2D49EFB2F8}.Release|x86.ActiveCfg = Release|x86
		{7AB85BD1-049F-417A-9C04-EC2D49EFB2F8}.Release|x86.Build.0 = Release|x86
		{24D4FA4C-6FD5-4C59-9C18-758C304C8EB7}.Debug|Any CPU.ActiveCfg = Debug|x86
		{24D4FA4C-6FD5-4C59-9C18-758C304C8EB7}.Debug|x86.ActiveCfg = Debug|x86
		{24D4FA4C-6FD5-4C59-9C18-758C304C8EB7}.Debug|x86.Build.0 = Debug|x86
		{24D4FA4C-6FD5-4C59-9C18-758C304C8EB7}.Release|Any CPU.ActiveCfg = Release|x86
		{24D4FA4C-6FD5-4C59-9C18-758C304C8EB7}.Release|x86.ActiveCfg = Release|x86
		{24D4FA4C-6FD5-4C59-9C18-758C304C8EB7}.Release|x86.Build.0 = Release|x86
		{296CC270-7600-4BB1-9917-3813F7694B63}.Debug|Any CPU.ActiveCfg = Debug|x86
		{296CC270-7600-4BB1-9917-3813F7694B63}.Debug|x86.ActiveCfg = Debug|x86
		{296CC270-7600-4BB1-9917-3813F7694B63}.Debug|x86.Build.0 = Debug|x86
		{296CC270-7600-4BB1-9917-3813F7694B63}.Release|Any CPU.ActiveCfg = Release|x86
		{296CC270-7600-4BB1-9917-3813F7694B63}.Release|x86.ActiveCfg = Release|x86
		{296CC270-7600-4BB1-9917-3813F7694B63}.Release|x86.Build.0 = Release|x86
		{8DFAED13-661F-4875-AD92-7E4E934EEE21}.Debug|Any CPU.ActiveCfg = Debug|x86
		{8DFAED13-661F-4875-AD92-7E4E934EEE21}.Debug|x86.ActiveCfg = Debug|x86
		{8DFAED13-661F-4875-AD92-7E4E934EEE21}.Debug|x86.Build.0 = Debug|x86
		{8DFAED13-661F-4875-AD92-7E4E934EEE21}.Release|Any CPU.ActiveCfg = Release|x86
		{8DFAED13-661F-4875-AD92-7E4E934EEE21}.Release|x86.ActiveCfg = Release|x86
		{8DFAED13-661F-4875-AD92-7E4E934EEE21}.Release|x86.Build.0 = Release|x86
		{7CFFA625-2552-4DA0-851E-82F4F321F131}.Debug|Any CPU.ActiveCfg = Debug|x86
		{7CFFA625-2552-4DA0-851E-82F4F321F131}.Debug|x86.ActiveCfg = Debug|x86
		{7CFFA625-2552-4DA0-851E-82F4F321F131}.Debug|x86.Build.0 = Debug|x86
		{7CFFA625-2552-4DA0-851E-82F4F321F131}.Release|Any CPU.ActiveCfg = Release|x86
		{7CFFA625-2552-4DA0-851E-82F4F321F131}.Release|x86.ActiveCfg = Release|x86
		{7CFFA625-2552-4DA0-851E-82F4F321F131}.Release|x86.Build.0 = Release|x86
		{FA9D002F-68AA-428E-8279-432C1625A98E}.Debug|Any CPU.ActiveCfg = Debug|x86
		{FA9D002F-68AA-428E-8279-432C1625A98E}.Debug|x86.ActiveCfg = Debug|x86
		{FA9D002F-68AA-428E-8279-432C1625A98E}.Debug|x86.Build.0 = Debug|x86
		{FA9D002F-68AA-428E-8279-432C1625A98E}.Release|Any CPU.ActiveCfg = Release|x86
		{FA9D002F-68AA-428E-8279-432C1625A98E}.Release|x86.ActiveCfg = Release|x86
		{FA9D002F-68AA-428E-8279-432C1625A98E}.Release|x86.Build.0 = Release|x86
		{C1DA0B54-D24D-47B5-A3E5-F02E638FE777}.Debug|Any CPU.ActiveCfg = Debug|x86
		{C1DA0B54-D24D-47B5-A3E5-F02E638FE777}.Debug|x86.ActiveCfg = Debug|x86
		{C1DA0B54-D24D-47B5-A3E5-F02E638FE777}.Debug|x86.Build.0 = Debug|x86
		{C1DA0B54-D24D-47B5-A3E5-F02E638FE777}.Release|Any CPU.ActiveCfg = Release|x86
		{C1DA0B54-D24D-47B5-A3E5-F02E638FE777}.Release|x86.ActiveCfg = Release|x86
		{C1DA0B54-D24D-47B5-A3E5-F02E638FE777}.Release|x86.Build.0 = Release|x86
		{D1B74CEA-0288-4994-858D-6AA73777147C}.Debug|Any CPU.ActiveCfg = Debug|x86
		{D1B74CEA-0288-4994-858D-6AA73777147C}.Debug|x86.ActiveCfg = Debug|x86
		{D1B74CEA-0288-4994-858D-6AA73777147C}.Debug|x86.Build.0 = Debug|x86
		{D1B74CEA-0288-4994-858D-6AA73777147C}.Release|Any CPU.ActiveCfg = Release|x86
		{D1B74CEA-0288-4994-858D-6AA73777147C}.Release|x86.ActiveCfg = Release|x86
		{D1B74CEA-0288-4994-858D-6AA73777147C}.Release|x86.Build.0 = Release|x86
		{2BC2D0C5-C028-4466-B3DC-37E0AD37A5D3}.Debug|Any CPU.ActiveCfg = Debug|x86
		{2BC2D0C5-C028-4466-B3DC-37E0AD37A5D3}.Debug|x86.ActiveCfg = Debug|x86
		{2BC2D0C5-C028-4466-B3DC-37E0AD37A5D3}.Debug|x86.Build.0 = Debug|x86
		{2BC2D0C5-C028-4466-B3DC-37E0AD37A5D3}.Release|Any CPU.ActiveCfg = Release|x86
		{2BC2D0C5-C028-4466-B3DC-37E0AD37A5D3}.Release|x86.ActiveCfg = Release|x86
		{2BC2D0C5-C028-4466-B3DC-37E0AD37A5D3}.Release|x86.Build.0 = Release|x86
		{53E246FE-9B5C-436D-B7E0-8F2D6484EBB7}.Debug|Any CPU.ActiveCfg = Debug|x86
		{53E246FE-9B5C-436D-B7E0-8F2D6484EBB7}.Debug|x86.ActiveCfg = Debug|x86
		{53E246FE-9B5C-436D-B7E0-8F2D6484EBB7}.Debug|x86.Build.0 = Debug|x86
		{53E246FE-9B5C-436D-B7E0-8F2D6484EBB7}.Release|Any CPU.ActiveCfg = Release|x86
		{53E246FE-9B5C-436D-B7E0-8F2D6484EBB7}.Release|x86.ActiveCfg = Release|x86
		{53E246FE-9B5C-436D-B7E0-8F2D6484EBB7}.Release|x86.Build.0 = Release|x86
		{337AD480-036A-418D-8AC6-3CDFE9ABAEF0}.Debug|Any CPU.ActiveCfg = Debug|x86
		{337AD480-036A-418D-8AC6-3CDFE9ABAEF0}.Debug|x86.ActiveCfg = Debug|x86
		{337AD480-036A-418D-8AC6-3CDFE9ABAEF0}.Debug|x86.Build.0 = Debug|x86
		{337AD480-036A-418D-8AC6-3CDFE9ABAEF0}.Release|Any CPU.ActiveCfg = Release|x86
		{337AD480-036A-418D-8AC6-3CDFE9ABAEF0}.Release|x86.ActiveCfg = Release|x86
		{337AD480-036A-418D-8AC6-3CDFE9ABAEF0}.Release|x86.Build.0 = Release|x86
		{E905218A-AE9C-4D56-889D-00C4560D9954}.Debug|Any CPU.ActiveCfg = Debug|x86
		{E905218A-AE9C-4D56-889D-00C4560D9954}.Debug|x86.ActiveCfg = Debug|x86
		{E905218A-AE9C-4D56-889D-00C4560D9954}.Debug|x86.Build.0 = Debug|x86
		{E905218A-AE9C-4D56-889D-00C4560D9954}.Release|Any CPU.ActiveCfg = Release|x86
		{E905218A-AE9C-4D56-889D-00C4560D9954}.Release|x86.ActiveCfg = Release|x86
		{E905218A-AE9C-4D56-889D-00C4560D9954}.Release|x86.Build.0 = Release|x86
		{62377228-CEEA-48A0-A9C8-86EF8DD3F67F}.Debug|Any CPU.ActiveCfg = Debug|x86
		{62377228-CEEA-48A0-A9C8-86EF8DD3F67F}.Debug|x86.ActiveCfg = Debug|x86
		{62377228-CEEA-48A0-A9C8-86EF8DD3F67F}.Debug|x86.Build.0 = Debug|x86
		{62377228-CEEA-48A0-A9C8-86EF8DD3F67F}.Release|Any CPU.ActiveCfg = Release|x86
		{62377228-CEEA-48A0-A9C8-86EF8DD3F67F}.Release|x86.ActiveCfg = Release|x86
		{62377228-CEEA-48A0-A9C8-86EF8DD3F67F}.Release|x86.Build.0 = Release|x86
		{537821E5-CBB1-408D-8202-9331B2F86D57}.Debug|Any CPU.ActiveCfg = Debug|x86
		{537821E5-CBB1-408D-8202-9331B2F86D57}.Debug|x86.ActiveCfg = Debug|x86
		{537821E5-CBB1-408D-8202-9331B2F86D57}.Debug|x86.Build.0 = Debug|x86
		{537821E5-CBB1-408D-8202-9331B2F86D57}.Release|Any CPU.ActiveCfg = Release|x86
		{537821E5-CBB1-408D-8202-9331B2F86D57}.Release|x86.ActiveCfg = Release|x86
		{537821E5-CBB1-408D-8202-9331B2F86D57}.Release|x86.Build.0 = Release|x86
		{30051A4A-DC71-4946-9B76-2C20227787F5}.Debug|Any CPU.ActiveCfg = Debug|x86
		{30051A4A-DC71-4946-9B76-2C20227787F5}.Debug|x86.ActiveCfg = Debug|x86
		{30051A4A-DC71-4946-9B76-2C20227787F5}.Debug|x86.Build.0 = Debug|x86
		{30051A4A-DC71-4946-9B76-2C20227787F5}.Release|Any CPU.ActiveCfg = Release|x86
		{30051A4A-DC71-4946-9B76-2C20227787F5}.Release|x86.ActiveCfg = Release|x86
		{30051A4A-DC71-4946-9B76-2C20227787F5}.Release|x86.Build.0 = Release|x86
		{5E3DEC82-3747-45BB-87B7-32CA791F6193}.Debug|Any CPU.ActiveCfg = Debug|x86
		{5E3DEC82-3747-45BB-87B7-32CA791F6193}.Debug|x86.ActiveCfg = Debug|x86
		{5E3DEC82-3747-45BB-87B7-32CA791F6193}.Debug|x86.Build.0 = Debug|x86
		{5E3DEC82-3747-45BB-87B7-32CA791F6193}.Release|Any CPU.ActiveCfg = Release|x86
		{5E3DEC82-3747-45BB-87B7-32CA791F6193}.Release|x86.ActiveCfg = Release|x86
		{5E3DEC82-3747-45BB-87B7-32CA791F6193}.Release|x86.Build.0 = Release|x86
		{FC3F7E05-073E-4996-98EB-CB8B20C59A57}.Debug|Any CPU.ActiveCfg = Debug|x86
		{FC3F7E05-073E-4996-98EB-CB8B20C59A57}.Debug|x86.ActiveCfg = Debug|x86
		{FC3F7E05-073E-4996-98EB-CB8B20C59A57}.Debug|x86.Build.0 = Debug|x86
		{FC3F7E05-073E-4996-98EB-CB8B20C59A57}.Release|Any CPU.ActiveCfg = Release|x86
		{FC3F7E05-073E-4996-98EB-CB8B20C59A57}.Release|x86.ActiveCfg = Release|x86
		{FC3F7E05-073E-4996-98EB-CB8B20C59A57}.Release|x86.Build.0 = Release|x86
		{E1D6E2E4-2A6E-44A0-8559-F1DEBCD807EC}.Debug|Any CPU.ActiveCfg = Debug|x86
		{E1D6E2E4-2A6E-44A0-8559-F1DEBCD807EC}.Debug|x86.ActiveCfg = Debug|x86
		{E1D6E2E4-2A6E-44A0-8559-F1DEBCD807EC}.Debug|x86.Build.0 = Debug|x86
		{E1D6E2E4-2A6E-44A0-8559-F1DEBCD807EC}.Release|Any CPU.ActiveCfg = Release|x86
		{E1D6E2E4-2A6E-44A0-8559-F1DEBCD807EC}.Release|x86.ActiveCfg = Release|x86
		{E1D6E2E4-2A6E-44A0-8559-F1DEBCD807EC}.Release|x86.Build.0 = Release|x86
		{87153B72-ADA8-41F3-8B38-E675A7000E4E}.Debug|Any CPU.ActiveCfg = Debug|x86
		{87153B72-ADA8-41F3-8B38-E675A7000E4E}.Debug|x86.ActiveCfg = Debug|x86
		{87153B72-ADA8-41F3-8B38-E675A7000E4E}.Debug|x86.Build.0 = Debug|x86
		{87153B72-ADA8-41F3-8B38-E675A7000E4E}.Release|Any CPU.ActiveCfg = Release|x86
		{87153B72-ADA8-41F3-8B38-E675A7000E4E}.Release|x86.ActiveCfg = Release|x86
		{87153B72-ADA8-41F3-8B38-E675A7000E4E}.Release|x86.Build.0 = Release|x86
		{E29A1AF8-2434-4A1D-9952-D9393083D5F1}.Debug|Any CPU.ActiveCfg = Debug|x86
		{E29A1AF8-2434-4A1D-9952-D9393083D5F1}.Debug|x86.ActiveCfg = Debug|x86
		{E29A1AF8-2434-4A1D-9952-D9393083D5F1}.Debug|x86.Build.0 = Debug|x86
		{E29A1AF8-2434-4A1D-9952-D9393083D5F1}.Release|Any CPU.ActiveCfg = Release|x86
		{E29A1AF8-2434-4A1D-9952-D9393083D5F1}.Release|x86.ActiveCfg = Release|x86
		{E29A1AF8-2434-4A1D-9952-D9393083D5F1}.Release|x86.Build.0 = Release|x86
		{041BF25C-8114-4702-94BA-EEE5876998CF}.Debug|Any CPU.ActiveCfg = Debug|x86
		{041BF25C-8114-4702-94BA-EEE5876998CF}.Debug|x86.ActiveCfg = Debug|x86
		{041BF25C-8114-4702-94BA-EEE5876998CF}.Debug|x86.Build.0 = Debug|x86
		{041BF25C-8114-4702-94BA-EEE5876998CF}.Release|Any CPU.ActiveCfg = Release|x86
		{041BF25C-8114-4702-94BA-EEE5876998CF}.Release|x86.ActiveCfg = Release|x86
		{041BF25C-8114-4702-94BA-EEE5876998CF}.Release|x86.Build.0 = Release|x86
		{25C14238-3FEB-413A-A7F8-48EC85FAA103}.Debug|Any CPU.ActiveCfg = Debug|x86
		{25C14238-3FEB-413A-A7F8-48EC85FAA103}.Debug|x86.ActiveCfg = Debug|x86
		{25C14238-3FEB-413A-A7F8-48EC85FAA103}.Debug|x86.Build.0 = Debug|x86
		{25C14238-3FEB-413A-A7F8-48EC85FAA103}.Release|Any CPU.ActiveCfg = Release|x86
		{25C14238-3FEB-413A-A7F8-48EC85FAA103}.Release|x86.ActiveCfg = Release|x86
		{25C14238-3FEB-413A-A7F8-48EC85FAA103}.Release|x86.Build.0 = Release|x86
		{18AA5CEC-F96D-4FAC-AC61-FFC2C05CFD5D}.Debug|Any CPU.ActiveCfg = Debug|x86
		{18AA5CEC-F96D-4FAC-AC61-FFC2C05CFD5D}.Debug|x86.ActiveCfg = Debug|x86
		{18AA5CEC-F96D-4FAC-AC61-FFC2C05CFD5D}.Debug|x86.Build.0 = Debug|x86
		{18AA5CEC-F96D-4FAC-AC61-FFC2C05CFD5D}.Release|Any CPU.ActiveCfg = Release|x86
		{18AA5CEC-F96D-4FAC-AC61-FFC2C05CFD5D}.Release|x86.ActiveCfg = Release|x86
		{18AA5CEC-F96D-4FAC-AC61-FFC2C05CFD5D}.Release|x86.Build.0 = Release|x86
		{2C830593-3E0A-41CA-8D0E-22DB579988F6}.Debug|Any CPU.ActiveCfg = Debug|x86
		{2C830593-3E0A-41CA-8D0E-22DB579988F6}.Debug|x86.ActiveCfg = Debug|x86
		{2C830593-3E0A-41CA-8D0E-22DB579988F6}.Debug|x86.Build.0 = Debug|x86
		{2C830593-3E0A-41CA-8D0E-22DB579988F6}.Release|Any CPU.ActiveCfg = Release|x86
		{2C830593-3E0A-41CA-8D0E-22DB579988F6}.Release|x86.ActiveCfg = Release|x86
		{2C830593-3E0A-41CA-8D0E-22DB579988F6}.Release|x86.Build.0 = Release|x86
		{DBD9AE29-8DB7-43A7-8A29-134B524ECE25}.Debug|Any CPU.ActiveCfg = Debug|x86
		{DBD9AE29-8DB7-43A7-8A29-134B524ECE25}.Debug|x86.ActiveCfg = Debug|x86
		{DBD9AE29-8DB7-43A7-8A29-134B524ECE25}.Debug|x86.Build.0 = Debug|x86
		{DBD9AE29-8DB7-43A7-8A29-134B524ECE25}.Release|Any CPU.ActiveCfg = Release|x86
		{DBD9AE29-8DB7-43A7-8A29-134B524ECE25}.Release|x86.ActiveCfg = Release|x86
		{DBD9AE29-8DB7-43A7-8A29-134B524ECE25}.Release|x86.Build.0 = Release|x86
		{273763FB-0406-4F42-BAF0-FEE5A08EB3B5}.Debug|Any CPU.ActiveCfg = Debug|x86
		{273763FB-0406-4F42-BAF0-FEE5A08EB3B5}.Debug|x86.ActiveCfg = Debug|x86
		{273763FB-0406-4F42-BAF0-FEE5A08EB3B5}.Debug|x86.Build.0 = Debug|x86
		{273763FB-0406-4F42-BAF0-FEE5A08EB3B5}.Release|Any CPU.ActiveCfg = Release|x86
		{273763FB-0406-4F42-BAF0-FEE5A08EB3B5}.Release|x86.ActiveCfg = Release|x86
		{273763FB-0406-4F42-BAF0-FEE5A08EB3B5}.Release|x86.Build.0 = Release|x86
		{CEED7CF6-6D08-4B0A-94A7-F0D1564A9453}.Debug|Any CPU.ActiveCfg = Debug|Any CPU
		{CEED7CF6-6D08-4B0A-94A7-F0D1564A9453}.Debug|Any CPU.Build.0 = Debug|Any CPU
		{CEED7CF6-6D08-4B0A-94A7-F0D1564A9453}.Debug|x86.ActiveCfg = Debug|Any CPU
		{CEED7CF6-6D08-4B0A-94A7-F0D1564A9453}.Debug|x86.Build.0 = Debug|Any CPU
		{CEED7CF6-6D08-4B0A-94A7-F0D1564A9453}.Release|Any CPU.ActiveCfg = Release|Any CPU
		{CEED7CF6-6D08-4B0A-94A7-F0D1564A9453}.Release|Any CPU.Build.0 = Release|Any CPU
		{CEED7CF6-6D08-4B0A-94A7-F0D1564A9453}.Release|x86.ActiveCfg = Release|Any CPU
		{CEED7CF6-6D08-4B0A-94A7-F0D1564A9453}.Release|x86.Build.0 = Release|Any CPU
		{0E3A874F-306C-4010-9B8E-FEFF43A43802}.Debug|Any CPU.ActiveCfg = Debug|Any CPU
		{0E3A874F-306C-4010-9B8E-FEFF43A43802}.Debug|Any CPU.Build.0 = Debug|Any CPU
		{0E3A874F-306C-4010-9B8E-FEFF43A43802}.Debug|x86.ActiveCfg = Debug|Any CPU
		{0E3A874F-306C-4010-9B8E-FEFF43A43802}.Debug|x86.Build.0 = Debug|Any CPU
		{0E3A874F-306C-4010-9B8E-FEFF43A43802}.Release|Any CPU.ActiveCfg = Release|Any CPU
		{0E3A874F-306C-4010-9B8E-FEFF43A43802}.Release|Any CPU.Build.0 = Release|Any CPU
		{0E3A874F-306C-4010-9B8E-FEFF43A43802}.Release|x86.ActiveCfg = Release|Any CPU
		{0E3A874F-306C-4010-9B8E-FEFF43A43802}.Release|x86.Build.0 = Release|Any CPU
		{EBDC0759-B1C0-4AE0-BC2C-CC6F30D63091}.Debug|Any CPU.ActiveCfg = Debug|Any CPU
		{EBDC0759-B1C0-4AE0-BC2C-CC6F30D63091}.Debug|Any CPU.Build.0 = Debug|Any CPU
		{EBDC0759-B1C0-4AE0-BC2C-CC6F30D63091}.Debug|x86.ActiveCfg = Debug|Any CPU
		{EBDC0759-B1C0-4AE0-BC2C-CC6F30D63091}.Debug|x86.Build.0 = Debug|Any CPU
		{EBDC0759-B1C0-4AE0-BC2C-CC6F30D63091}.Release|Any CPU.ActiveCfg = Release|Any CPU
		{EBDC0759-B1C0-4AE0-BC2C-CC6F30D63091}.Release|Any CPU.Build.0 = Release|Any CPU
		{EBDC0759-B1C0-4AE0-BC2C-CC6F30D63091}.Release|x86.ActiveCfg = Release|Any CPU
		{EBDC0759-B1C0-4AE0-BC2C-CC6F30D63091}.Release|x86.Build.0 = Release|Any CPU
	EndGlobalSection
	GlobalSection(SolutionProperties) = preSolution
		HideSolutionNode = FALSE
	EndGlobalSection
	GlobalSection(ExtensibilityGlobals) = postSolution
		SolutionGuid = {CDFB4327-4285-4095-85EC-C427FE691994}
	EndGlobalSection
EndGlobal
