
Microsoft Visual Studio Solution File, Format Version 12.00
# Visual Studio Version 16
VisualStudioVersion = 16.0.30320.27
MinimumVisualStudioVersion = 10.0.40219.1
Project("{FAE04EC0-301F-11D3-BF4B-00C04F79EFBC}") = "_2020_08_06_Stack_Prac", "_2020_08_06_Stack_Prac.csproj", "{FCB9D43F-72C9-4A0C-8724-4250BCA317D2}"
EndProject
Global
	GlobalSection(SolutionConfigurationPlatforms) = preSolution
		Debug|Any CPU = Debug|Any CPU
		Release|Any CPU = Release|Any CPU
	EndGlobalSection
	GlobalSection(ProjectConfigurationPlatforms) = postSolution
		{FCB9D43F-72C9-4A0C-8724-4250BCA317D2}.Debug|Any CPU.ActiveCfg = Debug|Any CPU
		{FCB9D43F-72C9-4A0C-8724-4250BCA317D2}.Debug|Any CPU.Build.0 = Debug|Any CPU
		{FCB9D43F-72C9-4A0C-8724-4250BCA317D2}.Release|Any CPU.ActiveCfg = Release|Any CPU
		{FCB9D43F-72C9-4A0C-8724-4250BCA317D2}.Release|Any CPU.Build.0 = Release|Any CPU
	EndGlobalSection
	GlobalSection(SolutionProperties) = preSolution
		HideSolutionNode = FALSE
	EndGlobalSection
	GlobalSection(ExtensibilityGlobals) = postSolution
		SolutionGuid = {74DA791C-22C7-44C0-B1F7-06539DBEBD99}
	EndGlobalSection
EndGlobal
