
Microsoft Visual Studio Solution File, Format Version 11.00
# Visual Studio 2010
Project("{FAE04EC0-301F-11D3-BF4B-00C04F79EFBC}") = "32_lambda", "32_lambda\32_lambda.csproj", "{87153B72-ADA8-41F3-8B38-E675A7000E4E}"
EndProject
Global
	GlobalSection(SolutionConfigurationPlatforms) = preSolution
		Debug|x86 = Debug|x86
		Release|x86 = Release|x86
	EndGlobalSection
	GlobalSection(ProjectConfigurationPlatforms) = postSolution
		{87153B72-ADA8-41F3-8B38-E675A7000E4E}.Debug|x86.ActiveCfg = Debug|x86
		{87153B72-ADA8-41F3-8B38-E675A7000E4E}.Debug|x86.Build.0 = Debug|x86
		{87153B72-ADA8-41F3-8B38-E675A7000E4E}.Release|x86.ActiveCfg = Release|x86
		{87153B72-ADA8-41F3-8B38-E675A7000E4E}.Release|x86.Build.0 = Release|x86
	EndGlobalSection
	GlobalSection(SolutionProperties) = preSolution
		HideSolutionNode = FALSE
	EndGlobalSection
EndGlobal
