
Microsoft Visual Studio Solution File, Format Version 11.00
# Visual Studio 2010
Project("{FAE04EC0-301F-11D3-BF4B-00C04F79EFBC}") = "7_Destructor", "7_Destructor\7_Destructor.csproj", "{19A76EA0-2121-4DC2-81F4-6AE09062B85B}"
EndProject
Global
	GlobalSection(SolutionConfigurationPlatforms) = preSolution
		Debug|x86 = Debug|x86
		Release|x86 = Release|x86
	EndGlobalSection
	GlobalSection(ProjectConfigurationPlatforms) = postSolution
		{19A76EA0-2121-4DC2-81F4-6AE09062B85B}.Debug|x86.ActiveCfg = Debug|x86
		{19A76EA0-2121-4DC2-81F4-6AE09062B85B}.Debug|x86.Build.0 = Debug|x86
		{19A76EA0-2121-4DC2-81F4-6AE09062B85B}.Release|x86.ActiveCfg = Release|x86
		{19A76EA0-2121-4DC2-81F4-6AE09062B85B}.Release|x86.Build.0 = Release|x86
	EndGlobalSection
	GlobalSection(SolutionProperties) = preSolution
		HideSolutionNode = FALSE
	EndGlobalSection
EndGlobal
