
Microsoft Visual Studio Solution File, Format Version 11.00
# Visual Studio 2010
Project("{FAE04EC0-301F-11D3-BF4B-00C04F79EFBC}") = "19_Pointer", "19_Pointer\19_Pointer.csproj", "{FA9D002F-68AA-428E-8279-432C1625A98E}"
EndProject
Global
	GlobalSection(SolutionConfigurationPlatforms) = preSolution
		Debug|x86 = Debug|x86
		Release|x86 = Release|x86
	EndGlobalSection
	GlobalSection(ProjectConfigurationPlatforms) = postSolution
		{FA9D002F-68AA-428E-8279-432C1625A98E}.Debug|x86.ActiveCfg = Debug|x86
		{FA9D002F-68AA-428E-8279-432C1625A98E}.Debug|x86.Build.0 = Debug|x86
		{FA9D002F-68AA-428E-8279-432C1625A98E}.Release|x86.ActiveCfg = Release|x86
		{FA9D002F-68AA-428E-8279-432C1625A98E}.Release|x86.Build.0 = Release|x86
	EndGlobalSection
	GlobalSection(SolutionProperties) = preSolution
		HideSolutionNode = FALSE
	EndGlobalSection
EndGlobal
