
Microsoft Visual Studio Solution File, Format Version 11.00
# Visual Studio 2010
Project("{FAE04EC0-301F-11D3-BF4B-00C04F79EFBC}") = "2_using", "2_using\2_using.csproj", "{842E1425-85E4-4B37-B70D-97C5A21D1DFA}"
EndProject
Global
	GlobalSection(SolutionConfigurationPlatforms) = preSolution
		Debug|x86 = Debug|x86
		Release|x86 = Release|x86
	EndGlobalSection
	GlobalSection(ProjectConfigurationPlatforms) = postSolution
		{842E1425-85E4-4B37-B70D-97C5A21D1DFA}.Debug|x86.ActiveCfg = Debug|x86
		{842E1425-85E4-4B37-B70D-97C5A21D1DFA}.Debug|x86.Build.0 = Debug|x86
		{842E1425-85E4-4B37-B70D-97C5A21D1DFA}.Release|x86.ActiveCfg = Release|x86
		{842E1425-85E4-4B37-B70D-97C5A21D1DFA}.Release|x86.Build.0 = Release|x86
	EndGlobalSection
	GlobalSection(SolutionProperties) = preSolution
		HideSolutionNode = FALSE
	EndGlobalSection
EndGlobal
