
Microsoft Visual Studio Solution File, Format Version 12.00
# Visual Studio Version 16
VisualStudioVersion = 16.0.30320.27
MinimumVisualStudioVersion = 10.0.40219.1
Project("{FAE04EC0-301F-11D3-BF4B-00C04F79EFBC}") = "_29_Circle", "_29_Circle\_29_Circle.csproj", "{B132254E-F364-4595-8C2F-C14CEB1A52B0}"
EndProject
Global
	GlobalSection(SolutionConfigurationPlatforms) = preSolution
		Debug|Any CPU = Debug|Any CPU
		Release|Any CPU = Release|Any CPU
	EndGlobalSection
	GlobalSection(ProjectConfigurationPlatforms) = postSolution
		{B132254E-F364-4595-8C2F-C14CEB1A52B0}.Debug|Any CPU.ActiveCfg = Debug|Any CPU
		{B132254E-F364-4595-8C2F-C14CEB1A52B0}.Debug|Any CPU.Build.0 = Debug|Any CPU
		{B132254E-F364-4595-8C2F-C14CEB1A52B0}.Release|Any CPU.ActiveCfg = Release|Any CPU
		{B132254E-F364-4595-8C2F-C14CEB1A52B0}.Release|Any CPU.Build.0 = Release|Any CPU
	EndGlobalSection
	GlobalSection(SolutionProperties) = preSolution
		HideSolutionNode = FALSE
	EndGlobalSection
	GlobalSection(ExtensibilityGlobals) = postSolution
		SolutionGuid = {FA0D2677-7C51-4E7A-B88B-3036BE65F04A}
	EndGlobalSection
EndGlobal
