
Microsoft Visual Studio Solution File, Format Version 11.00
# Visual Studio 2010
Project("{FAE04EC0-301F-11D3-BF4B-00C04F79EFBC}") = "8_Event", "8_Event\8_Event.csproj", "{41A3B28F-A2E6-4D19-8FEE-9A0844A23162}"
EndProject
Global
	GlobalSection(SolutionConfigurationPlatforms) = preSolution
		Debug|x86 = Debug|x86
		Release|x86 = Release|x86
	EndGlobalSection
	GlobalSection(ProjectConfigurationPlatforms) = postSolution
		{41A3B28F-A2E6-4D19-8FEE-9A0844A23162}.Debug|x86.ActiveCfg = Debug|x86
		{41A3B28F-A2E6-4D19-8FEE-9A0844A23162}.Debug|x86.Build.0 = Debug|x86
		{41A3B28F-A2E6-4D19-8FEE-9A0844A23162}.Release|x86.ActiveCfg = Release|x86
		{41A3B28F-A2E6-4D19-8FEE-9A0844A23162}.Release|x86.Build.0 = Release|x86
	EndGlobalSection
	GlobalSection(SolutionProperties) = preSolution
		HideSolutionNode = FALSE
	EndGlobalSection
EndGlobal
