
Microsoft Visual Studio Solution File, Format Version 11.00
# Visual Studio 2010
Project("{FAE04EC0-301F-11D3-BF4B-00C04F79EFBC}") = "41_Method", "41_Method\41_Method.csproj", "{ACE71D1E-5310-47D4-AB8F-C17019BD85FC}"
EndProject
Global
	GlobalSection(SolutionConfigurationPlatforms) = preSolution
		Debug|x86 = Debug|x86
		Release|x86 = Release|x86
	EndGlobalSection
	GlobalSection(ProjectConfigurationPlatforms) = postSolution
		{ACE71D1E-5310-47D4-AB8F-C17019BD85FC}.Debug|x86.ActiveCfg = Debug|x86
		{ACE71D1E-5310-47D4-AB8F-C17019BD85FC}.Debug|x86.Build.0 = Debug|x86
		{ACE71D1E-5310-47D4-AB8F-C17019BD85FC}.Release|x86.ActiveCfg = Release|x86
		{ACE71D1E-5310-47D4-AB8F-C17019BD85FC}.Release|x86.Build.0 = Release|x86
	EndGlobalSection
	GlobalSection(SolutionProperties) = preSolution
		HideSolutionNode = FALSE
	EndGlobalSection
EndGlobal
