
Microsoft Visual Studio Solution File, Format Version 11.00
# Visual Studio 2010
Project("{FAE04EC0-301F-11D3-BF4B-00C04F79EFBC}") = "5_PartialForm", "5_PartialForm\5_PartialForm.csproj", "{E0BFDC45-2928-44FA-9391-9196F9C96BB8}"
EndProject
Global
	GlobalSection(SolutionConfigurationPlatforms) = preSolution
		Debug|x86 = Debug|x86
		Release|x86 = Release|x86
	EndGlobalSection
	GlobalSection(ProjectConfigurationPlatforms) = postSolution
		{E0BFDC45-2928-44FA-9391-9196F9C96BB8}.Debug|x86.ActiveCfg = Debug|x86
		{E0BFDC45-2928-44FA-9391-9196F9C96BB8}.Debug|x86.Build.0 = Debug|x86
		{E0BFDC45-2928-44FA-9391-9196F9C96BB8}.Release|x86.ActiveCfg = Release|x86
		{E0BFDC45-2928-44FA-9391-9196F9C96BB8}.Release|x86.Build.0 = Release|x86
	EndGlobalSection
	GlobalSection(SolutionProperties) = preSolution
		HideSolutionNode = FALSE
	EndGlobalSection
EndGlobal
