
Microsoft Visual Studio Solution File, Format Version 12.00
# Visual Studio Version 16
VisualStudioVersion = 16.0.30320.27
MinimumVisualStudioVersion = 10.0.40219.1
Project("{9A19103F-16F7-4668-BE54-9A1E7A4F7556}") = "_2020_07_24_HW_06", "_2020_07_24_HW_06\_2020_07_24_HW_06.csproj", "{BFC19E93-F729-4862-B817-0D14E1BD81AE}"
EndProject
Project("{9A19103F-16F7-4668-BE54-9A1E7A4F7556}") = "_2020_07_24_HW_04", "_2020_07_24_HW_04\_2020_07_24_HW_04.csproj", "{D99DB524-A3B2-49DC-8A83-96865211BACD}"
EndProject
Project("{9A19103F-16F7-4668-BE54-9A1E7A4F7556}") = "_2020_07_24_HW_12", "_2020_07_24_HW_12\_2020_07_24_HW_12.csproj", "{88DBB9DC-2AB9-429E-A82D-C76EA853F89B}"
EndProject
Project("{9A19103F-16F7-4668-BE54-9A1E7A4F7556}") = "_2020_07_24_HW_11", "_2020_07_24_HW_11\_2020_07_24_HW_11.csproj", "{9E8F06BD-E7C7-4095-80E7-F224FF63FB47}"
EndProject
Project("{9A19103F-16F7-4668-BE54-9A1E7A4F7556}") = "_2020_07_24_HW_10", "_2020_07_24_HW_10\_2020_07_24_HW_10.csproj", "{277A8A6A-826B-498C-B5F9-26FE633D8102}"
EndProject
Project("{9A19103F-16F7-4668-BE54-9A1E7A4F7556}") = "_2020_07_24_HW_08", "_2020_07_24_HW_08\_2020_07_24_HW_08.csproj", "{40CF9A7F-3690-45C4-97FE-4C963206FD48}"
EndProject
Project("{9A19103F-16F7-4668-BE54-9A1E7A4F7556}") = "_2020_07_24_HW_09", "_2020_07_24_HW_09\_2020_07_24_HW_09.csproj", "{F869BCBB-2263-466B-9ADF-01DBC70F36F1}"
EndProject
Project("{9A19103F-16F7-4668-BE54-9A1E7A4F7556}") = "_2020_07_24_HW_01", "_2020_07_24_HW_01\_2020_07_24_HW_01.csproj", "{FD50DBB9-72EE-4CD6-9223-2C767CF3AA60}"
EndProject
Project("{FAE04EC0-301F-11D3-BF4B-00C04F79EFBC}") = "_2020_07_24_HW_02", "_2020_07_24_HW_02\_2020_07_24_HW_02.csproj", "{2B8584B9-224F-49C2-AFD9-E8CF104AC943}"
EndProject
Project("{FAE04EC0-301F-11D3-BF4B-00C04F79EFBC}") = "_2020_07_24_HW_03", "_2020_07_24_HW_03\_2020_07_24_HW_03.csproj", "{F3B53BA8-F81A-41B5-A728-CAA0EC75C106}"
EndProject
Project("{FAE04EC0-301F-11D3-BF4B-00C04F79EFBC}") = "_2020_07_24_HW_05", "_2020_07_24_HW_05\_2020_07_24_HW_05.csproj", "{E25137A9-E75F-4E95-AFC4-42E7C1E13580}"
EndProject
Project("{FAE04EC0-301F-11D3-BF4B-00C04F79EFBC}") = "_2020_07_24_HW_07", "_2020_07_24_HW_07\_2020_07_24_HW_07.csproj", "{35348A4E-7D0F-4568-A99D-3C5B3059C750}"
EndProject
Global
	GlobalSection(SolutionConfigurationPlatforms) = preSolution
		Debug|Any CPU = Debug|Any CPU
		Release|Any CPU = Release|Any CPU
	EndGlobalSection
	GlobalSection(ProjectConfigurationPlatforms) = postSolution
		{BFC19E93-F729-4862-B817-0D14E1BD81AE}.Debug|Any CPU.ActiveCfg = Debug|Any CPU
		{BFC19E93-F729-4862-B817-0D14E1BD81AE}.Debug|Any CPU.Build.0 = Debug|Any CPU
		{BFC19E93-F729-4862-B817-0D14E1BD81AE}.Release|Any CPU.ActiveCfg = Release|Any CPU
		{BFC19E93-F729-4862-B817-0D14E1BD81AE}.Release|Any CPU.Build.0 = Release|Any CPU
		{D99DB524-A3B2-49DC-8A83-96865211BACD}.Debug|Any CPU.ActiveCfg = Debug|Any CPU
		{D99DB524-A3B2-49DC-8A83-96865211BACD}.Debug|Any CPU.Build.0 = Debug|Any CPU
		{D99DB524-A3B2-49DC-8A83-96865211BACD}.Release|Any CPU.ActiveCfg = Release|Any CPU
		{D99DB524-A3B2-49DC-8A83-96865211BACD}.Release|Any CPU.Build.0 = Release|Any CPU
		{88DBB9DC-2AB9-429E-A82D-C76EA853F89B}.Debug|Any CPU.ActiveCfg = Debug|Any CPU
		{88DBB9DC-2AB9-429E-A82D-C76EA853F89B}.Debug|Any CPU.Build.0 = Debug|Any CPU
		{88DBB9DC-2AB9-429E-A82D-C76EA853F89B}.Release|Any CPU.ActiveCfg = Release|Any CPU
		{88DBB9DC-2AB9-429E-A82D-C76EA853F89B}.Release|Any CPU.Build.0 = Release|Any CPU
		{9E8F06BD-E7C7-4095-80E7-F224FF63FB47}.Debug|Any CPU.ActiveCfg = Debug|Any CPU
		{9E8F06BD-E7C7-4095-80E7-F224FF63FB47}.Debug|Any CPU.Build.0 = Debug|Any CPU
		{9E8F06BD-E7C7-4095-80E7-F224FF63FB47}.Release|Any CPU.ActiveCfg = Release|Any CPU
		{9E8F06BD-E7C7-4095-80E7-F224FF63FB47}.Release|Any CPU.Build.0 = Release|Any CPU
		{277A8A6A-826B-498C-B5F9-26FE633D8102}.Debug|Any CPU.ActiveCfg = Debug|Any CPU
		{277A8A6A-826B-498C-B5F9-26FE633D8102}.Debug|Any CPU.Build.0 = Debug|Any CPU
		{277A8A6A-826B-498C-B5F9-26FE633D8102}.Release|Any CPU.ActiveCfg = Release|Any CPU
		{277A8A6A-826B-498C-B5F9-26FE633D8102}.Release|Any CPU.Build.0 = Release|Any CPU
		{40CF9A7F-3690-45C4-97FE-4C963206FD48}.Debug|Any CPU.ActiveCfg = Debug|Any CPU
		{40CF9A7F-3690-45C4-97FE-4C963206FD48}.Debug|Any CPU.Build.0 = Debug|Any CPU
		{40CF9A7F-3690-45C4-97FE-4C963206FD48}.Release|Any CPU.ActiveCfg = Release|Any CPU
		{40CF9A7F-3690-45C4-97FE-4C963206FD48}.Release|Any CPU.Build.0 = Release|Any CPU
		{F869BCBB-2263-466B-9ADF-01DBC70F36F1}.Debug|Any CPU.ActiveCfg = Debug|Any CPU
		{F869BCBB-2263-466B-9ADF-01DBC70F36F1}.Debug|Any CPU.Build.0 = Debug|Any CPU
		{F869BCBB-2263-466B-9ADF-01DBC70F36F1}.Release|Any CPU.ActiveCfg = Release|Any CPU
		{F869BCBB-2263-466B-9ADF-01DBC70F36F1}.Release|Any CPU.Build.0 = Release|Any CPU
		{FD50DBB9-72EE-4CD6-9223-2C767CF3AA60}.Debug|Any CPU.ActiveCfg = Debug|Any CPU
		{FD50DBB9-72EE-4CD6-9223-2C767CF3AA60}.Debug|Any CPU.Build.0 = Debug|Any CPU
		{FD50DBB9-72EE-4CD6-9223-2C767CF3AA60}.Release|Any CPU.ActiveCfg = Release|Any CPU
		{FD50DBB9-72EE-4CD6-9223-2C767CF3AA60}.Release|Any CPU.Build.0 = Release|Any CPU
		{2B8584B9-224F-49C2-AFD9-E8CF104AC943}.Debug|Any CPU.ActiveCfg = Debug|Any CPU
		{2B8584B9-224F-49C2-AFD9-E8CF104AC943}.Debug|Any CPU.Build.0 = Debug|Any CPU
		{2B8584B9-224F-49C2-AFD9-E8CF104AC943}.Release|Any CPU.ActiveCfg = Release|Any CPU
		{2B8584B9-224F-49C2-AFD9-E8CF104AC943}.Release|Any CPU.Build.0 = Release|Any CPU
		{F3B53BA8-F81A-41B5-A728-CAA0EC75C106}.Debug|Any CPU.ActiveCfg = Debug|Any CPU
		{F3B53BA8-F81A-41B5-A728-CAA0EC75C106}.Debug|Any CPU.Build.0 = Debug|Any CPU
		{F3B53BA8-F81A-41B5-A728-CAA0EC75C106}.Release|Any CPU.ActiveCfg = Release|Any CPU
		{F3B53BA8-F81A-41B5-A728-CAA0EC75C106}.Release|Any CPU.Build.0 = Release|Any CPU
		{E25137A9-E75F-4E95-AFC4-42E7C1E13580}.Debug|Any CPU.ActiveCfg = Debug|Any CPU
		{E25137A9-E75F-4E95-AFC4-42E7C1E13580}.Debug|Any CPU.Build.0 = Debug|Any CPU
		{E25137A9-E75F-4E95-AFC4-42E7C1E13580}.Release|Any CPU.ActiveCfg = Release|Any CPU
		{E25137A9-E75F-4E95-AFC4-42E7C1E13580}.Release|Any CPU.Build.0 = Release|Any CPU
		{35348A4E-7D0F-4568-A99D-3C5B3059C750}.Debug|Any CPU.ActiveCfg = Debug|Any CPU
		{35348A4E-7D0F-4568-A99D-3C5B3059C750}.Debug|Any CPU.Build.0 = Debug|Any CPU
		{35348A4E-7D0F-4568-A99D-3C5B3059C750}.Release|Any CPU.ActiveCfg = Release|Any CPU
		{35348A4E-7D0F-4568-A99D-3C5B3059C750}.Release|Any CPU.Build.0 = Release|Any CPU
	EndGlobalSection
	GlobalSection(SolutionProperties) = preSolution
		HideSolutionNode = FALSE
	EndGlobalSection
	GlobalSection(ExtensibilityGlobals) = postSolution
		SolutionGuid = {5B8834D6-8769-4316-97A8-1B3228868DB8}
	EndGlobalSection
EndGlobal
