
Microsoft Visual Studio Solution File, Format Version 11.00
# Visual Studio 2010
Project("{FAE04EC0-301F-11D3-BF4B-00C04F79EFBC}") = "10_Readonly", "10_Readonly\10_Readonly.csproj", "{D0692EF3-8941-404F-9161-161EF6DFA7F5}"
EndProject
Global
	GlobalSection(SolutionConfigurationPlatforms) = preSolution
		Debug|x86 = Debug|x86
		Release|x86 = Release|x86
	EndGlobalSection
	GlobalSection(ProjectConfigurationPlatforms) = postSolution
		{D0692EF3-8941-404F-9161-161EF6DFA7F5}.Debug|x86.ActiveCfg = Debug|x86
		{D0692EF3-8941-404F-9161-161EF6DFA7F5}.Debug|x86.Build.0 = Debug|x86
		{D0692EF3-8941-404F-9161-161EF6DFA7F5}.Release|x86.ActiveCfg = Release|x86
		{D0692EF3-8941-404F-9161-161EF6DFA7F5}.Release|x86.Build.0 = Release|x86
	EndGlobalSection
	GlobalSection(SolutionProperties) = preSolution
		HideSolutionNode = FALSE
	EndGlobalSection
EndGlobal
