
Microsoft Visual Studio Solution File, Format Version 12.00
# Visual Studio Version 16
VisualStudioVersion = 16.0.30309.148
MinimumVisualStudioVersion = 10.0.40219.1
Project("{FAE04EC0-301F-11D3-BF4B-00C04F79EFBC}") = "40_Math", "..\_2020_07_20_Console\40_Math\40_Math\40_Math.csproj", "{D069A796-6E04-43D4-BD7B-D6A892B44BF1}"
EndProject
Project("{FAE04EC0-301F-11D3-BF4B-00C04F79EFBC}") = "41_Method", "..\_2020_07_20_Console\41_Method\41_Method\41_Method.csproj", "{ACE71D1E-5310-47D4-AB8F-C17019BD85FC}"
EndProject
Project("{FAE04EC0-301F-11D3-BF4B-00C04F79EFBC}") = "43_DefaultParameter", "..\_2020_07_20_Console\43_DefaultParameter\43_DefaultParameter\43_DefaultParameter.csproj", "{4BE6E059-C8C8-4F31-A66F-91A7FCFFF384}"
EndProject
Project("{FAE04EC0-301F-11D3-BF4B-00C04F79EFBC}") = "45_Property", "45_Property\45_Property\45_Property.csproj", "{27EDDCBF-A9EE-4946-9E45-DDE5FBA13519}"
EndProject
Project("{FAE04EC0-301F-11D3-BF4B-00C04F79EFBC}") = "46_Property", "46_Property\46_Property\46_Property.csproj", "{D0C06F25-015F-4520-A8A6-EC5996EDB2B8}"
EndProject
Global
	GlobalSection(SolutionConfigurationPlatforms) = preSolution
		Debug|x86 = Debug|x86
		Release|x86 = Release|x86
	EndGlobalSection
	GlobalSection(ProjectConfigurationPlatforms) = postSolution
		{D069A796-6E04-43D4-BD7B-D6A892B44BF1}.Debug|x86.ActiveCfg = Debug|x86
		{D069A796-6E04-43D4-BD7B-D6A892B44BF1}.Debug|x86.Build.0 = Debug|x86
		{D069A796-6E04-43D4-BD7B-D6A892B44BF1}.Release|x86.ActiveCfg = Release|x86
		{D069A796-6E04-43D4-BD7B-D6A892B44BF1}.Release|x86.Build.0 = Release|x86
		{ACE71D1E-5310-47D4-AB8F-C17019BD85FC}.Debug|x86.ActiveCfg = Debug|x86
		{ACE71D1E-5310-47D4-AB8F-C17019BD85FC}.Debug|x86.Build.0 = Debug|x86
		{ACE71D1E-5310-47D4-AB8F-C17019BD85FC}.Release|x86.ActiveCfg = Release|x86
		{ACE71D1E-5310-47D4-AB8F-C17019BD85FC}.Release|x86.Build.0 = Release|x86
		{4BE6E059-C8C8-4F31-A66F-91A7FCFFF384}.Debug|x86.ActiveCfg = Debug|x86
		{4BE6E059-C8C8-4F31-A66F-91A7FCFFF384}.Debug|x86.Build.0 = Debug|x86
		{4BE6E059-C8C8-4F31-A66F-91A7FCFFF384}.Release|x86.ActiveCfg = Release|x86
		{4BE6E059-C8C8-4F31-A66F-91A7FCFFF384}.Release|x86.Build.0 = Release|x86
		{27EDDCBF-A9EE-4946-9E45-DDE5FBA13519}.Debug|x86.ActiveCfg = Debug|x86
		{27EDDCBF-A9EE-4946-9E45-DDE5FBA13519}.Debug|x86.Build.0 = Debug|x86
		{27EDDCBF-A9EE-4946-9E45-DDE5FBA13519}.Release|x86.ActiveCfg = Release|x86
		{27EDDCBF-A9EE-4946-9E45-DDE5FBA13519}.Release|x86.Build.0 = Release|x86
		{D0C06F25-015F-4520-A8A6-EC5996EDB2B8}.Debug|x86.ActiveCfg = Debug|x86
		{D0C06F25-015F-4520-A8A6-EC5996EDB2B8}.Debug|x86.Build.0 = Debug|x86
		{D0C06F25-015F-4520-A8A6-EC5996EDB2B8}.Release|x86.ActiveCfg = Release|x86
		{D0C06F25-015F-4520-A8A6-EC5996EDB2B8}.Release|x86.Build.0 = Release|x86
	EndGlobalSection
	GlobalSection(SolutionProperties) = preSolution
		HideSolutionNode = FALSE
	EndGlobalSection
	GlobalSection(ExtensibilityGlobals) = postSolution
		SolutionGuid = {A9C30087-0987-4CF3-9FAB-522225D4C090}
	EndGlobalSection
EndGlobal
