
Microsoft Visual Studio Solution File, Format Version 11.00
# Visual Studio 2010
Project("{FAE04EC0-301F-11D3-BF4B-00C04F79EFBC}") = "23_varType", "23_varType\23_varType.csproj", "{53E246FE-9B5C-436D-B7E0-8F2D6484EBB7}"
EndProject
Global
	GlobalSection(SolutionConfigurationPlatforms) = preSolution
		Debug|x86 = Debug|x86
		Release|x86 = Release|x86
	EndGlobalSection
	GlobalSection(ProjectConfigurationPlatforms) = postSolution
		{53E246FE-9B5C-436D-B7E0-8F2D6484EBB7}.Debug|x86.ActiveCfg = Debug|x86
		{53E246FE-9B5C-436D-B7E0-8F2D6484EBB7}.Debug|x86.Build.0 = Debug|x86
		{53E246FE-9B5C-436D-B7E0-8F2D6484EBB7}.Release|x86.ActiveCfg = Release|x86
		{53E246FE-9B5C-436D-B7E0-8F2D6484EBB7}.Release|x86.Build.0 = Release|x86
	EndGlobalSection
	GlobalSection(SolutionProperties) = preSolution
		HideSolutionNode = FALSE
	EndGlobalSection
EndGlobal
